
Microsoft Visual Studio Solution File, Format Version 12.00
# Visual Studio Version 16
VisualStudioVersion = 16.0.30413.136
MinimumVisualStudioVersion = 10.0.40219.1
Project("{FAE04EC0-301F-11D3-BF4B-00C04F79EFBC}") = "WinFormStudy2", "WinFormStudy2\WinFormStudy2.csproj", "{F0171BBF-E220-49A0-ACD7-6CF76058AE70}"
EndProject
Global
	GlobalSection(SolutionConfigurationPlatforms) = preSolution
		Debug|Any CPU = Debug|Any CPU
		Release|Any CPU = Release|Any CPU
	EndGlobalSection
	GlobalSection(ProjectConfigurationPlatforms) = postSolution
		{F0171BBF-E220-49A0-ACD7-6CF76058AE70}.Debug|Any CPU.ActiveCfg = Debug|Any CPU
		{F0171BBF-E220-49A0-ACD7-6CF76058AE70}.Debug|Any CPU.Build.0 = Debug|Any CPU
		{F0171BBF-E220-49A0-ACD7-6CF76058AE70}.Release|Any CPU.ActiveCfg = Release|Any CPU
		{F0171BBF-E220-49A0-ACD7-6CF76058AE70}.Release|Any CPU.Build.0 = Release|Any CPU
	EndGlobalSection
	GlobalSection(SolutionProperties) = preSolution
		HideSolutionNode = FALSE
	EndGlobalSection
	GlobalSection(ExtensibilityGlobals) = postSolution
		SolutionGuid = {C45639BF-5F63-4E80-BCDB-0533F32A2826}
	EndGlobalSection
EndGlobal
