
Microsoft Visual Studio Solution File, Format Version 12.00
# Visual Studio Version 16
VisualStudioVersion = 16.0.30523.141
MinimumVisualStudioVersion = 10.0.40219.1
Project("{FAE04EC0-301F-11D3-BF4B-00C04F79EFBC}") = "ColorExample", "ColorExample.csproj", "{6AADDDDC-0742-44EE-A88B-5E02F847E546}"
EndProject
Global
	GlobalSection(SolutionConfigurationPlatforms) = preSolution
		Debug|Any CPU = Debug|Any CPU
		Release|Any CPU = Release|Any CPU
	EndGlobalSection
	GlobalSection(ProjectConfigurationPlatforms) = postSolution
		{6AADDDDC-0742-44EE-A88B-5E02F847E546}.Debug|Any CPU.ActiveCfg = Debug|Any CPU
		{6AADDDDC-0742-44EE-A88B-5E02F847E546}.Debug|Any CPU.Build.0 = Debug|Any CPU
		{6AADDDDC-0742-44EE-A88B-5E02F847E546}.Release|Any CPU.ActiveCfg = Release|Any CPU
		{6AADDDDC-0742-44EE-A88B-5E02F847E546}.Release|Any CPU.Build.0 = Release|Any CPU
	EndGlobalSection
	GlobalSection(SolutionProperties) = preSolution
		HideSolutionNode = FALSE
	EndGlobalSection
	GlobalSection(ExtensibilityGlobals) = postSolution
		SolutionGuid = {71E1178F-F08F-4ECB-BBBA-C9C07E15B8C4}
	EndGlobalSection
EndGlobal
