
Microsoft Visual Studio Solution File, Format Version 12.00
# Visual Studio Version 16
VisualStudioVersion = 16.0.30611.23
MinimumVisualStudioVersion = 10.0.40219.1
Project("{FAE04EC0-301F-11D3-BF4B-00C04F79EFBC}") = "MiddleExam", "MiddleExam\MiddleExam.csproj", "{38670185-C53D-4974-90BE-057396E9A4CE}"
EndProject
Global
	GlobalSection(SolutionConfigurationPlatforms) = preSolution
		Debug|Any CPU = Debug|Any CPU
		Release|Any CPU = Release|Any CPU
	EndGlobalSection
	GlobalSection(ProjectConfigurationPlatforms) = postSolution
		{38670185-C53D-4974-90BE-057396E9A4CE}.Debug|Any CPU.ActiveCfg = Debug|Any CPU
		{38670185-C53D-4974-90BE-057396E9A4CE}.Debug|Any CPU.Build.0 = Debug|Any CPU
		{38670185-C53D-4974-90BE-057396E9A4CE}.Release|Any CPU.ActiveCfg = Release|Any CPU
		{38670185-C53D-4974-90BE-057396E9A4CE}.Release|Any CPU.Build.0 = Release|Any CPU
	EndGlobalSection
	GlobalSection(SolutionProperties) = preSolution
		HideSolutionNode = FALSE
	EndGlobalSection
	GlobalSection(ExtensibilityGlobals) = postSolution
		SolutionGuid = {60238D29-88C2-411A-9BD1-4A44F6A7D6C3}
	EndGlobalSection
EndGlobal
