
Microsoft Visual Studio Solution File, Format Version 12.00
# Visual Studio Version 16
VisualStudioVersion = 16.0.30523.141
MinimumVisualStudioVersion = 10.0.40219.1
Project("{FAE04EC0-301F-11D3-BF4B-00C04F79EFBC}") = "PenExample", "PenExample.csproj", "{878D42CE-ACBA-46FF-A032-A46090B92B03}"
EndProject
Global
	GlobalSection(SolutionConfigurationPlatforms) = preSolution
		Debug|Any CPU = Debug|Any CPU
		Release|Any CPU = Release|Any CPU
	EndGlobalSection
	GlobalSection(ProjectConfigurationPlatforms) = postSolution
		{878D42CE-ACBA-46FF-A032-A46090B92B03}.Debug|Any CPU.ActiveCfg = Debug|Any CPU
		{878D42CE-ACBA-46FF-A032-A46090B92B03}.Debug|Any CPU.Build.0 = Debug|Any CPU
		{878D42CE-ACBA-46FF-A032-A46090B92B03}.Release|Any CPU.ActiveCfg = Release|Any CPU
		{878D42CE-ACBA-46FF-A032-A46090B92B03}.Release|Any CPU.Build.0 = Release|Any CPU
	EndGlobalSection
	GlobalSection(SolutionProperties) = preSolution
		HideSolutionNode = FALSE
	EndGlobalSection
	GlobalSection(ExtensibilityGlobals) = postSolution
		SolutionGuid = {8BC0BD98-B97E-4D4E-8477-8C83E96FA8BB}
	EndGlobalSection
EndGlobal
