
Microsoft Visual Studio Solution File, Format Version 12.00
# Visual Studio Version 16
VisualStudioVersion = 16.0.30621.155
MinimumVisualStudioVersion = 10.0.40219.1
Project("{FAE04EC0-301F-11D3-BF4B-00C04F79EFBC}") = "LabelExample", "LabelExample.csproj", "{808855BC-EC6C-48AA-B13A-64158950D13F}"
EndProject
Global
	GlobalSection(SolutionConfigurationPlatforms) = preSolution
		Debug|Any CPU = Debug|Any CPU
		Release|Any CPU = Release|Any CPU
	EndGlobalSection
	GlobalSection(ProjectConfigurationPlatforms) = postSolution
		{808855BC-EC6C-48AA-B13A-64158950D13F}.Debug|Any CPU.ActiveCfg = Debug|Any CPU
		{808855BC-EC6C-48AA-B13A-64158950D13F}.Debug|Any CPU.Build.0 = Debug|Any CPU
		{808855BC-EC6C-48AA-B13A-64158950D13F}.Release|Any CPU.ActiveCfg = Release|Any CPU
		{808855BC-EC6C-48AA-B13A-64158950D13F}.Release|Any CPU.Build.0 = Release|Any CPU
	EndGlobalSection
	GlobalSection(SolutionProperties) = preSolution
		HideSolutionNode = FALSE
	EndGlobalSection
	GlobalSection(ExtensibilityGlobals) = postSolution
		SolutionGuid = {0A311C2F-0B1F-42A0-8F99-B9428A1737C1}
	EndGlobalSection
EndGlobal
